
Microsoft Visual Studio Solution File, Format Version 12.00
# Visual Studio for Mac
Project("{FAE04EC0-301F-11D3-BF4B-00C04F79EFBC}") = "Assembly-CSharp", "Assembly-CSharp.csproj", "{B8FDB9DF-022A-7157-F7DD-6452DAE5ED00}"
EndProject
Project("{FAE04EC0-301F-11D3-BF4B-00C04F79EFBC}") = "Assembly-CSharp-Editor", "Assembly-CSharp-Editor.csproj", "{77E3C350-960B-3F1C-B6BA-4D29F819C77E}"
EndProject
Global
	GlobalSection(SolutionConfigurationPlatforms) = preSolution
		Debug|Any CPU = Debug|Any CPU
		Release|Any CPU = Release|Any CPU
	EndGlobalSection
	GlobalSection(ProjectConfigurationPlatforms) = postSolution
		{B8FDB9DF-022A-7157-F7DD-6452DAE5ED00}.Debug|Any CPU.ActiveCfg = Debug|Any CPU
		{B8FDB9DF-022A-7157-F7DD-6452DAE5ED00}.Debug|Any CPU.Build.0 = Debug|Any CPU
		{B8FDB9DF-022A-7157-F7DD-6452DAE5ED00}.Release|Any CPU.ActiveCfg = Release|Any CPU
		{B8FDB9DF-022A-7157-F7DD-6452DAE5ED00}.Release|Any CPU.Build.0 = Release|Any CPU
		{77E3C350-960B-3F1C-B6BA-4D29F819C77E}.Debug|Any CPU.ActiveCfg = Debug|Any CPU
		{77E3C350-960B-3F1C-B6BA-4D29F819C77E}.Debug|Any CPU.Build.0 = Debug|Any CPU
		{77E3C350-960B-3F1C-B6BA-4D29F819C77E}.Release|Any CPU.ActiveCfg = Release|Any CPU
		{77E3C350-960B-3F1C-B6BA-4D29F819C77E}.Release|Any CPU.Build.0 = Release|Any CPU
	EndGlobalSection
	GlobalSection(SolutionProperties) = preSolution
		HideSolutionNode = FALSE
	EndGlobalSection
EndGlobal
